
Microsoft Visual Studio Solution File, Format Version 12.00
# Visual Studio 15
VisualStudioVersion = 15.0.27004.2002
MinimumVisualStudioVersion = 10.0.40219.1
Project("{FAE04EC0-301F-11D3-BF4B-00C04F79EFBC}") = "WebApplicationAspMvc7", "WebApplicationAspMvc7\WebApplicationAspMvc7.csproj", "{218AC805-BFC6-4DB3-B619-A68ADA8EF53C}"
EndProject
Global
	GlobalSection(SolutionConfigurationPlatforms) = preSolution
		Debug|Any CPU = Debug|Any CPU
		Release|Any CPU = Release|Any CPU
	EndGlobalSection
	GlobalSection(ProjectConfigurationPlatforms) = postSolution
		{218AC805-BFC6-4DB3-B619-A68ADA8EF53C}.Debug|Any CPU.ActiveCfg = Debug|Any CPU
		{218AC805-BFC6-4DB3-B619-A68ADA8EF53C}.Debug|Any CPU.Build.0 = Debug|Any CPU
		{218AC805-BFC6-4DB3-B619-A68ADA8EF53C}.Release|Any CPU.ActiveCfg = Release|Any CPU
		{218AC805-BFC6-4DB3-B619-A68ADA8EF53C}.Release|Any CPU.Build.0 = Release|Any CPU
	EndGlobalSection
	GlobalSection(SolutionProperties) = preSolution
		HideSolutionNode = FALSE
	EndGlobalSection
	GlobalSection(ExtensibilityGlobals) = postSolution
		SolutionGuid = {3296773B-E724-4F65-819C-B3D2E593345D}
	EndGlobalSection
EndGlobal
